# THIS IS AN AUTOGENERATED FILE. DO NOT EDIT THIS FILE DIRECTLY.
# yarn lockfile v1


"@types/chai@3.4.34":
  version "3.4.34"
  resolved "https://registry.yarnpkg.com/@types/chai/-/chai-3.4.34.tgz#d5335792823bb09cddd5e38c3d211b709183854d"

"@types/events@*":
  version "1.2.0"
  resolved "https://registry.yarnpkg.com/@types/events/-/events-1.2.0.tgz#81a6731ce4df43619e5c8c945383b3e62a89ea86"

"@types/lodash@^4.14.106":
  version "4.14.106"
  resolved "https://registry.yarnpkg.com/@types/lodash/-/lodash-4.14.106.tgz#6093e9a02aa567ddecfe9afadca89e53e5dce4dd"

"@types/mocha@2.2.41":
  version "2.2.41"
  resolved "https://registry.yarnpkg.com/@types/mocha/-/mocha-2.2.41.tgz#e27cf0817153eb9f2713b2d3f6c68f1e1c3ca608"

"@types/node@*":
  version "9.6.2"
  resolved "https://registry.yarnpkg.com/@types/node/-/node-9.6.2.tgz#e49ac1adb458835e95ca6487bc20f916b37aff23"

"@types/node@^8.10.0":
  version "8.10.9"
  resolved "https://registry.yarnpkg.com/@types/node/-/node-8.10.9.tgz#b507a74a7d3eddc74a17dc35fd40d8f45dde0d6c"

"@types/pg-types@*":
  version "1.11.4"
  resolved "https://registry.yarnpkg.com/@types/pg-types/-/pg-types-1.11.4.tgz#8d7c59fb509ce3dca3f8bae589252051c639a9a8"
  dependencies:
    moment ">=2.14.0"

"@types/pg@^7.4.5":
  version "7.4.5"
  resolved "https://registry.yarnpkg.com/@types/pg/-/pg-7.4.5.tgz#eca6fdfefaa0865cb652b9a8265be217e10acb1e"
  dependencies:
    "@types/events" "*"
    "@types/node" "*"
    "@types/pg-types" "*"

assertion-error@^1.0.1:
  version "1.1.0"
  resolved "https://registry.yarnpkg.com/assertion-error/-/assertion-error-1.1.0.tgz#e60b6b0e8f301bd97e5375215bda406c85118c0b"

balanced-match@^1.0.0:
  version "1.0.0"
  resolved "https://registry.yarnpkg.com/balanced-match/-/balanced-match-1.0.0.tgz#89b4d199ab2bee49de164ea02b89ce462d71b767"

brace-expansion@^1.1.7:
  version "1.1.11"
  resolved "https://registry.yarnpkg.com/brace-expansion/-/brace-expansion-1.1.11.tgz#3c7fcbf529d87226f3d2f52b966ff5271eb441dd"
  dependencies:
    balanced-match "^1.0.0"
    concat-map "0.0.1"

browser-stdout@1.3.0:
  version "1.3.0"
  resolved "https://registry.yarnpkg.com/browser-stdout/-/browser-stdout-1.3.0.tgz#f351d32969d32fa5d7a5567154263d928ae3bd1f"

buffer-writer@1.0.1:
  version "1.0.1"
  resolved "https://registry.yarnpkg.com/buffer-writer/-/buffer-writer-1.0.1.tgz#22a936901e3029afcd7547eb4487ceb697a3bf08"

chai@^3.4.1:
  version "3.5.0"
  resolved "https://registry.yarnpkg.com/chai/-/chai-3.5.0.tgz#4d02637b067fe958bdbfdd3a40ec56fef7373247"
  dependencies:
    assertion-error "^1.0.1"
    deep-eql "^0.1.3"
    type-detect "^1.0.0"

commander@2.9.0:
  version "2.9.0"
  resolved "https://registry.yarnpkg.com/commander/-/commander-2.9.0.tgz#9c99094176e12240cb22d6c5146098400fe0f7d4"
  dependencies:
    graceful-readlink ">= 1.0.0"

concat-map@0.0.1:
  version "0.0.1"
  resolved "https://registry.yarnpkg.com/concat-map/-/concat-map-0.0.1.tgz#d8a96bd77fd68df7793a73036a3ba0d5405d477b"

debug@2.6.8:
  version "2.6.8"
  resolved "https://registry.yarnpkg.com/debug/-/debug-2.6.8.tgz#e731531ca2ede27d188222427da17821d68ff4fc"
  dependencies:
    ms "2.0.0"

debug@^3.1.0:
  version "3.1.0"
  resolved "https://registry.yarnpkg.com/debug/-/debug-3.1.0.tgz#5bb5a0672628b64149566ba16819e61518c67261"
  dependencies:
    ms "2.0.0"

deep-eql@^0.1.3:
  version "0.1.3"
  resolved "https://registry.yarnpkg.com/deep-eql/-/deep-eql-0.1.3.tgz#ef558acab8de25206cd713906d74e56930eb69f2"
  dependencies:
    type-detect "0.1.1"

diff@3.2.0:
  version "3.2.0"
  resolved "https://registry.yarnpkg.com/diff/-/diff-3.2.0.tgz#c9ce393a4b7cbd0b058a725c93df299027868ff9"

escape-string-regexp@1.0.5:
  version "1.0.5"
  resolved "https://registry.yarnpkg.com/escape-string-regexp/-/escape-string-regexp-1.0.5.tgz#1b61c0562190a8dff6ae3bb2cf0200ca130b86d4"

fs.realpath@^1.0.0:
  version "1.0.0"
  resolved "https://registry.yarnpkg.com/fs.realpath/-/fs.realpath-1.0.0.tgz#1504ad2523158caa40db4a2787cb01411994ea4f"

glob@7.1.1:
  version "7.1.1"
  resolved "https://registry.yarnpkg.com/glob/-/glob-7.1.1.tgz#805211df04faaf1c63a3600306cdf5ade50b2ec8"
  dependencies:
    fs.realpath "^1.0.0"
    inflight "^1.0.4"
    inherits "2"
    minimatch "^3.0.2"
    once "^1.3.0"
    path-is-absolute "^1.0.0"

glob@7.1.2, glob@^7.0.5:
  version "7.1.2"
  resolved "https://registry.yarnpkg.com/glob/-/glob-7.1.2.tgz#c19c9df9a028702d678612384a6552404c636d15"
  dependencies:
    fs.realpath "^1.0.0"
    inflight "^1.0.4"
    inherits "2"
    minimatch "^3.0.4"
    once "^1.3.0"
    path-is-absolute "^1.0.0"

"graceful-readlink@>= 1.0.0":
  version "1.0.1"
  resolved "https://registry.yarnpkg.com/graceful-readlink/-/graceful-readlink-1.0.1.tgz#4cafad76bc62f02fa039b2f94e9a3dd3a391a725"

growl@1.9.2:
  version "1.9.2"
  resolved "https://registry.yarnpkg.com/growl/-/growl-1.9.2.tgz#0ea7743715db8d8de2c5ede1775e1b45ac85c02f"

has-flag@^1.0.0:
  version "1.0.0"
  resolved "https://registry.yarnpkg.com/has-flag/-/has-flag-1.0.0.tgz#9d9e793165ce017a00f00418c43f942a7b1d11fa"

he@1.1.1:
  version "1.1.1"
  resolved "https://registry.yarnpkg.com/he/-/he-1.1.1.tgz#93410fd21b009735151f8868c2f271f3427e23fd"

inflight@^1.0.4:
  version "1.0.6"
  resolved "https://registry.yarnpkg.com/inflight/-/inflight-1.0.6.tgz#49bd6331d7d02d0c09bc910a1075ba8165b56df9"
  dependencies:
    once "^1.3.0"
    wrappy "1"

inherits@2:
  version "2.0.3"
  resolved "https://registry.yarnpkg.com/inherits/-/inherits-2.0.3.tgz#633c2c83e3da42a502f52466022480f4208261de"

js-string-escape@1.0.1:
  version "1.0.1"
  resolved "https://registry.yarnpkg.com/js-string-escape/-/js-string-escape-1.0.1.tgz#e2625badbc0d67c7533e9edc1068c587ae4137ef"

json3@3.3.2:
  version "3.3.2"
  resolved "https://registry.yarnpkg.com/json3/-/json3-3.3.2.tgz#3c0434743df93e2f5c42aee7b19bcb483575f4e1"

lodash._baseassign@^3.0.0:
  version "3.2.0"
  resolved "https://registry.yarnpkg.com/lodash._baseassign/-/lodash._baseassign-3.2.0.tgz#8c38a099500f215ad09e59f1722fd0c52bfe0a4e"
  dependencies:
    lodash._basecopy "^3.0.0"
    lodash.keys "^3.0.0"

lodash._basecopy@^3.0.0:
  version "3.0.1"
  resolved "https://registry.yarnpkg.com/lodash._basecopy/-/lodash._basecopy-3.0.1.tgz#8da0e6a876cf344c0ad8a54882111dd3c5c7ca36"

lodash._basecreate@^3.0.0:
  version "3.0.3"
  resolved "https://registry.yarnpkg.com/lodash._basecreate/-/lodash._basecreate-3.0.3.tgz#1bc661614daa7fc311b7d03bf16806a0213cf821"

lodash._getnative@^3.0.0:
  version "3.9.1"
  resolved "https://registry.yarnpkg.com/lodash._getnative/-/lodash._getnative-3.9.1.tgz#570bc7dede46d61cdcde687d65d3eecbaa3aaff5"

lodash._isiterateecall@^3.0.0:
  version "3.0.9"
  resolved "https://registry.yarnpkg.com/lodash._isiterateecall/-/lodash._isiterateecall-3.0.9.tgz#5203ad7ba425fae842460e696db9cf3e6aac057c"

lodash.create@3.1.1:
  version "3.1.1"
  resolved "https://registry.yarnpkg.com/lodash.create/-/lodash.create-3.1.1.tgz#d7f2849f0dbda7e04682bb8cd72ab022461debe7"
  dependencies:
    lodash._baseassign "^3.0.0"
    lodash._basecreate "^3.0.0"
    lodash._isiterateecall "^3.0.0"

lodash.isarguments@^3.0.0:
  version "3.1.0"
  resolved "https://registry.yarnpkg.com/lodash.isarguments/-/lodash.isarguments-3.1.0.tgz#2f573d85c6a24289ff00663b491c1d338ff3458a"

lodash.isarray@^3.0.0:
  version "3.0.4"
  resolved "https://registry.yarnpkg.com/lodash.isarray/-/lodash.isarray-3.0.4.tgz#79e4eb88c36a8122af86f844aa9bcd851b5fbb55"

lodash.keys@^3.0.0:
  version "3.1.2"
  resolved "https://registry.yarnpkg.com/lodash.keys/-/lodash.keys-3.1.2.tgz#4dbc0472b156be50a0b286855d1bd0b0c656098a"
  dependencies:
    lodash._getnative "^3.0.0"
    lodash.isarguments "^3.0.0"
    lodash.isarray "^3.0.0"

lodash@4.17.5:
  version "4.17.5"
  resolved "https://registry.yarnpkg.com/lodash/-/lodash-4.17.5.tgz#99a92d65c0272debe8c96b6057bc8fbfa3bed511"

minimatch@^3.0.2, minimatch@^3.0.4:
  version "3.0.4"
  resolved "https://registry.yarnpkg.com/minimatch/-/minimatch-3.0.4.tgz#5166e286457f03306064be5497e8dbb0c3d32083"
  dependencies:
    brace-expansion "^1.1.7"

minimist@0.0.8:
  version "0.0.8"
  resolved "https://registry.yarnpkg.com/minimist/-/minimist-0.0.8.tgz#857fcabfc3397d2625b8228262e86aa7a011b05d"

mkdirp@0.5.1:
  version "0.5.1"
  resolved "https://registry.yarnpkg.com/mkdirp/-/mkdirp-0.5.1.tgz#30057438eac6cf7f8c4767f38648d6697d75c903"
  dependencies:
    minimist "0.0.8"

mocha@^3.2.0:
  version "3.5.3"
  resolved "https://registry.yarnpkg.com/mocha/-/mocha-3.5.3.tgz#1e0480fe36d2da5858d1eb6acc38418b26eaa20d"
  dependencies:
    browser-stdout "1.3.0"
    commander "2.9.0"
    debug "2.6.8"
    diff "3.2.0"
    escape-string-regexp "1.0.5"
    glob "7.1.1"
    growl "1.9.2"
    he "1.1.1"
    json3 "3.3.2"
    lodash.create "3.1.1"
    mkdirp "0.5.1"
    supports-color "3.1.2"

moment@>=2.14.0:
  version "2.22.0"
  resolved "https://registry.yarnpkg.com/moment/-/moment-2.22.0.tgz#7921ade01017dd45186e7fee5f424f0b8663a730"

ms@2.0.0:
  version "2.0.0"
  resolved "https://registry.yarnpkg.com/ms/-/ms-2.0.0.tgz#5608aeadfc00be6c2901df5f9861788de0d597c8"

node-uuid@1.4.7:
  version "1.4.7"
  resolved "https://registry.yarnpkg.com/node-uuid/-/node-uuid-1.4.7.tgz#6da5a17668c4b3dd59623bda11cf7fa4c1f60a6f"

once@^1.3.0:
  version "1.4.0"
  resolved "https://registry.yarnpkg.com/once/-/once-1.4.0.tgz#583b1aa775961d4b113ac17d9c50baef9dd76bd1"
  dependencies:
    wrappy "1"

packet-reader@0.3.1:
  version "0.3.1"
  resolved "https://registry.yarnpkg.com/packet-reader/-/packet-reader-0.3.1.tgz#cd62e60af8d7fea8a705ec4ff990871c46871f27"

path-is-absolute@^1.0.0:
  version "1.0.1"
  resolved "https://registry.yarnpkg.com/path-is-absolute/-/path-is-absolute-1.0.1.tgz#174b9268735534ffbc7ace6bf53a5a9e1b5c5f5f"

pg-connection-string@0.1.3:
  version "0.1.3"
  resolved "https://registry.yarnpkg.com/pg-connection-string/-/pg-connection-string-0.1.3.tgz#da1847b20940e42ee1492beaf65d49d91b245df7"

pg-format@1.0.1:
  version "1.0.1"
  resolved "https://registry.yarnpkg.com/pg-format/-/pg-format-1.0.1.tgz#39d08f604a721a88d209f6af640d3f8435c2ed93"

pg-pool@~2.0.3:
  version "2.0.3"
  resolved "https://registry.yarnpkg.com/pg-pool/-/pg-pool-2.0.3.tgz#c022032c8949f312a4f91fb6409ce04076be3257"

pg-types@~1.12.1:
  version "1.12.1"
  resolved "https://registry.yarnpkg.com/pg-types/-/pg-types-1.12.1.tgz#d64087e3903b58ffaad279e7595c52208a14c3d2"
  dependencies:
    postgres-array "~1.0.0"
    postgres-bytea "~1.0.0"
    postgres-date "~1.0.0"
    postgres-interval "^1.1.0"

pg@^7.4.1:
  version "7.4.1"
  resolved "https://registry.yarnpkg.com/pg/-/pg-7.4.1.tgz#f3411c8ddf9f692322fe05e7017a1888e47f78f1"
  dependencies:
    buffer-writer "1.0.1"
    js-string-escape "1.0.1"
    packet-reader "0.3.1"
    pg-connection-string "0.1.3"
    pg-pool "~2.0.3"
    pg-types "~1.12.1"
    pgpass "1.x"
    semver "4.3.2"

pgpass@1.x:
  version "1.0.2"
  resolved "https://registry.yarnpkg.com/pgpass/-/pgpass-1.0.2.tgz#2a7bb41b6065b67907e91da1b07c1847c877b306"
  dependencies:
    split "^1.0.0"

postgres-array@~1.0.0:
  version "1.0.2"
  resolved "https://registry.yarnpkg.com/postgres-array/-/postgres-array-1.0.2.tgz#8e0b32eb03bf77a5c0a7851e0441c169a256a238"

postgres-bytea@~1.0.0:
  version "1.0.0"
  resolved "https://registry.yarnpkg.com/postgres-bytea/-/postgres-bytea-1.0.0.tgz#027b533c0aa890e26d172d47cf9ccecc521acd35"

postgres-date@~1.0.0:
  version "1.0.3"
  resolved "https://registry.yarnpkg.com/postgres-date/-/postgres-date-1.0.3.tgz#e2d89702efdb258ff9d9cee0fe91bd06975257a8"

postgres-interval@^1.1.0:
  version "1.1.1"
  resolved "https://registry.yarnpkg.com/postgres-interval/-/postgres-interval-1.1.1.tgz#acdb0f897b4b1c6e496d9d4e0a853e1c428f06f0"
  dependencies:
    xtend "^4.0.0"

rimraf@^2.6.0:
  version "2.6.2"
  resolved "https://registry.yarnpkg.com/rimraf/-/rimraf-2.6.2.tgz#2ed8150d24a16ea8651e6d6ef0f47c4158ce7a36"
  dependencies:
    glob "^7.0.5"

semver@4.3.2:
  version "4.3.2"
  resolved "https://registry.yarnpkg.com/semver/-/semver-4.3.2.tgz#c7a07158a80bedd052355b770d82d6640f803be7"

source-map-support@0.4.11:
  version "0.4.11"
  resolved "https://registry.yarnpkg.com/source-map-support/-/source-map-support-0.4.11.tgz#647f939978b38535909530885303daf23279f322"
  dependencies:
    source-map "^0.5.3"

source-map@^0.5.3:
  version "0.5.7"
  resolved "https://registry.yarnpkg.com/source-map/-/source-map-0.5.7.tgz#8a039d2d1021d22d1ea14c80d8ea468ba2ef3fcc"

split@^1.0.0:
  version "1.0.1"
  resolved "https://registry.yarnpkg.com/split/-/split-1.0.1.tgz#605bd9be303aa59fb35f9229fbea0ddec9ea07d9"
  dependencies:
    through "2"

supports-color@3.1.2:
  version "3.1.2"
  resolved "https://registry.yarnpkg.com/supports-color/-/supports-color-3.1.2.tgz#72a262894d9d408b956ca05ff37b2ed8a6e2a2d5"
  dependencies:
    has-flag "^1.0.0"

through@2:
  version "2.3.8"
  resolved "https://registry.yarnpkg.com/through/-/through-2.3.8.tgz#0dd4c9ffaabc357960b1b724115d7e0e86a2e1f5"

type-detect@0.1.1:
  version "0.1.1"
  resolved "https://registry.yarnpkg.com/type-detect/-/type-detect-0.1.1.tgz#0ba5ec2a885640e470ea4e8505971900dac58822"

type-detect@^1.0.0:
  version "1.0.0"
  resolved "https://registry.yarnpkg.com/type-detect/-/type-detect-1.0.0.tgz#762217cc06db258ec48908a1298e8b95121e8ea2"

typescript@2.8.1:
  version "2.8.1"
  resolved "https://registry.yarnpkg.com/typescript/-/typescript-2.8.1.tgz#6160e4f8f195d5ba81d4876f9c0cc1fbc0820624"

wrappy@1:
  version "1.0.2"
  resolved "https://registry.yarnpkg.com/wrappy/-/wrappy-1.0.2.tgz#b5243d8f3ec1aa35f1364605bc0d1036e30ab69f"

xtend@^4.0.0:
  version "4.0.1"
  resolved "https://registry.yarnpkg.com/xtend/-/xtend-4.0.1.tgz#a5c6d532be656e23db820efb943a1f04998d63af"
